// !$*UTF8*$!
{
	archiveVersion = 1;
	classes = {
	};
	objectVersion = 50;
	objects = {

/* Begin PBXBuildFile section */
		65032A0622AF0AFF00004E56 /* AppDelegate.swift in Sources */ = {isa = PBXBuildFile; fileRef = 65032A0522AF0AFF00004E56 /* AppDelegate.swift */; };
		65032A0822AF0AFF00004E56 /* MapViewController.swift in Sources */ = {isa = PBXBuildFile; fileRef = 65032A0722AF0AFF00004E56 /* MapViewController.swift */; };
		65032A0B22AF0AFF00004E56 /* Main.storyboard in Resources */ = {isa = PBXBuildFile; fileRef = 65032A0922AF0AFF00004E56 /* Main.storyboard */; };
		65032A0E22AF0AFF00004E56 /* VirtualTourist.xcdatamodeld in Sources */ = {isa = PBXBuildFile; fileRef = 65032A0C22AF0AFF00004E56 /* VirtualTourist.xcdatamodeld */; };
		65032A1022AF0B0100004E56 /* Assets.xcassets in Resources */ = {isa = PBXBuildFile; fileRef = 65032A0F22AF0B0100004E56 /* Assets.xcassets */; };
		65032A1322AF0B0100004E56 /* LaunchScreen.storyboard in Resources */ = {isa = PBXBuildFile; fileRef = 65032A1122AF0B0100004E56 /* LaunchScreen.storyboard */; };
		65032A1B22B063F200004E56 /* TableViewController.swift in Sources */ = {isa = PBXBuildFile; fileRef = 65032A1A22B063F200004E56 /* TableViewController.swift */; };
		65032A1D22B15CBB00004E56 /* photoInfo.swift in Sources */ = {isa = PBXBuildFile; fileRef = 65032A1C22B15CBB00004E56 /* photoInfo.swift */; };
		65032A1F22B1738A00004E56 /* CollectionViewCell.swift in Sources */ = {isa = PBXBuildFile; fileRef = 65032A1E22B1738A00004E56 /* CollectionViewCell.swift */; };
		6537CA0422B31139001712EB /* photoApi.swift in Sources */ = {isa = PBXBuildFile; fileRef = 6537CA0322B31139001712EB /* photoApi.swift */; };
		6537CA0622B7F7D2001712EB /* photo.swift in Sources */ = {isa = PBXBuildFile; fileRef = 6537CA0522B7F7D2001712EB /* photo.swift */; };
		6537CA0822B7F8D4001712EB /* photos.swift in Sources */ = {isa = PBXBuildFile; fileRef = 6537CA0722B7F8D4001712EB /* photos.swift */; };
		6537CA0A22B8143C001712EB /* rspstat.swift in Sources */ = {isa = PBXBuildFile; fileRef = 6537CA0922B8143C001712EB /* rspstat.swift */; };
		6537CA0C22B96FA5001712EB /* toSaveDisplay.swift in Sources */ = {isa = PBXBuildFile; fileRef = 6537CA0B22B96FA5001712EB /* toSaveDisplay.swift */; };
/* End PBXBuildFile section */

/* Begin PBXFileReference section */
		65032A0222AF0AFF00004E56 /* VirtualTourist.app */ = {isa = PBXFileReference; explicitFileType = wrapper.application; includeInIndex = 0; path = VirtualTourist.app; sourceTree = BUILT_PRODUCTS_DIR; };
		65032A0522AF0AFF00004E56 /* AppDelegate.swift */ = {isa = PBXFileReference; lastKnownFileType = sourcecode.swift; path = AppDelegate.swift; sourceTree = "<group>"; };
		65032A0722AF0AFF00004E56 /* MapViewController.swift */ = {isa = PBXFileReference; lastKnownFileType = sourcecode.swift; path = MapViewController.swift; sourceTree = "<group>"; };
		65032A0A22AF0AFF00004E56 /* Base */ = {isa = PBXFileReference; lastKnownFileType = file.storyboard; name = Base; path = Base.lproj/Main.storyboard; sourceTree = "<group>"; };
		65032A0D22AF0AFF00004E56 /* VirtualTourist.xcdatamodel */ = {isa = PBXFileReference; lastKnownFileType = wrapper.xcdatamodel; path = VirtualTourist.xcdatamodel; sourceTree = "<group>"; };
		65032A0F22AF0B0100004E56 /* Assets.xcassets */ = {isa = PBXFileReference; lastKnownFileType = folder.assetcatalog; path = Assets.xcassets; sourceTree = "<group>"; };
		65032A1222AF0B0100004E56 /* Base */ = {isa = PBXFileReference; lastKnownFileType = file.storyboard; name = Base; path = Base.lproj/LaunchScreen.storyboard; sourceTree = "<group>"; };
		65032A1422AF0B0100004E56 /* Info.plist */ = {isa = PBXFileReference; lastKnownFileType = text.plist.xml; path = Info.plist; sourceTree = "<group>"; };
		65032A1A22B063F200004E56 /* TableViewController.swift */ = {isa = PBXFileReference; lastKnownFileType = sourcecode.swift; path = TableViewController.swift; sourceTree = "<group>"; };
		65032A1C22B15CBB00004E56 /* photoInfo.swift */ = {isa = PBXFileReference; lastKnownFileType = sourcecode.swift; path = photoInfo.swift; sourceTree = "<group>"; };
		65032A1E22B1738A00004E56 /* CollectionViewCell.swift */ = {isa = PBXFileReference; lastKnownFileType = sourcecode.swift; path = CollectionViewCell.swift; sourceTree = "<group>"; };
		6537CA0322B31139001712EB /* photoApi.swift */ = {isa = PBXFileReference; lastKnownFileType = sourcecode.swift; path = photoApi.swift; sourceTree = "<group>"; };
		6537CA0522B7F7D2001712EB /* photo.swift */ = {isa = PBXFileReference; lastKnownFileType = sourcecode.swift; path = photo.swift; sourceTree = "<group>"; };
		6537CA0722B7F8D4001712EB /* photos.swift */ = {isa = PBXFileReference; lastKnownFileType = sourcecode.swift; path = photos.swift; sourceTree = "<group>"; };
		6537CA0922B8143C001712EB /* rspstat.swift */ = {isa = PBXFileReference; lastKnownFileType = sourcecode.swift; path = rspstat.swift; sourceTree = "<group>"; };
		6537CA0B22B96FA5001712EB /* toSaveDisplay.swift */ = {isa = PBXFileReference; lastKnownFileType = sourcecode.swift; path = toSaveDisplay.swift; sourceTree = "<group>"; };
/* End PBXFileReference section */

/* Begin PBXFrameworksBuildPhase section */
		650329FF22AF0AFF00004E56 /* Frameworks */ = {
			isa = PBXFrameworksBuildPhase;
			buildActionMask = 2147483647;
			files = (
			);
			runOnlyForDeploymentPostprocessing = 0;
		};
/* End PBXFrameworksBuildPhase section */

/* Begin PBXGroup section */
		650329F922AF0AFF00004E56 = {
			isa = PBXGroup;
			children = (
				65032A0422AF0AFF00004E56 /* VirtualTourist */,
				65032A0322AF0AFF00004E56 /* Products */,
				65032A3A22B2B54800004E56 /* Frameworks */,
			);
			sourceTree = "<group>";
		};
		65032A0322AF0AFF00004E56 /* Products */ = {
			isa = PBXGroup;
			children = (
				65032A0222AF0AFF00004E56 /* VirtualTourist.app */,
			);
			name = Products;
			sourceTree = "<group>";
		};
		65032A0422AF0AFF00004E56 /* VirtualTourist */ = {
			isa = PBXGroup;
			children = (
				6537CA0D22B995DD001712EB /* Model */,
				6537CA0F22B99640001712EB /* View */,
				6537CA0E22B99605001712EB /* Controller */,
				65032A0522AF0AFF00004E56 /* AppDelegate.swift */,
				65032A1122AF0B0100004E56 /* LaunchScreen.storyboard */,
				65032A1422AF0B0100004E56 /* Info.plist */,
				65032A0C22AF0AFF00004E56 /* VirtualTourist.xcdatamodeld */,
			);
			path = VirtualTourist;
			sourceTree = "<group>";
		};
		65032A3A22B2B54800004E56 /* Frameworks */ = {
			isa = PBXGroup;
			children = (
			);
			name = Frameworks;
			sourceTree = "<group>";
		};
		6537CA0D22B995DD001712EB /* Model */ = {
			isa = PBXGroup;
			children = (
				6537CA0B22B96FA5001712EB /* toSaveDisplay.swift */,
				6537CA0522B7F7D2001712EB /* photo.swift */,
				6537CA0922B8143C001712EB /* rspstat.swift */,
				6537CA0722B7F8D4001712EB /* photos.swift */,
				65032A1C22B15CBB00004E56 /* photoInfo.swift */,
			);
			path = Model;
			sourceTree = "<group>";
		};
		6537CA0E22B99605001712EB /* Controller */ = {
			isa = PBXGroup;
			children = (
				65032A0722AF0AFF00004E56 /* MapViewController.swift */,
				65032A1A22B063F200004E56 /* TableViewController.swift */,
				6537CA0322B31139001712EB /* photoApi.swift */,
			);
			path = Controller;
			sourceTree = "<group>";
		};
		6537CA0F22B99640001712EB /* View */ = {
			isa = PBXGroup;
			children = (
				65032A1E22B1738A00004E56 /* CollectionViewCell.swift */,
				65032A0922AF0AFF00004E56 /* Main.storyboard */,
				65032A0F22AF0B0100004E56 /* Assets.xcassets */,
			);
			path = View;
			sourceTree = "<group>";
		};
/* End PBXGroup section */

/* Begin PBXNativeTarget section */
		65032A0122AF0AFF00004E56 /* VirtualTourist */ = {
			isa = PBXNativeTarget;
			buildConfigurationList = 65032A1722AF0B0100004E56 /* Build configuration list for PBXNativeTarget "VirtualTourist" */;
			buildPhases = (
				650329FE22AF0AFF00004E56 /* Sources */,
				650329FF22AF0AFF00004E56 /* Frameworks */,
				65032A0022AF0AFF00004E56 /* Resources */,
			);
			buildRules = (
			);
			dependencies = (
			);
			name = VirtualTourist;
			productName = VirtualTourist;
			productReference = 65032A0222AF0AFF00004E56 /* VirtualTourist.app */;
			productType = "com.apple.product-type.application";
		};
/* End PBXNativeTarget section */

/* Begin PBXProject section */
		650329FA22AF0AFF00004E56 /* Project object */ = {
			isa = PBXProject;
			attributes = {
				LastSwiftUpdateCheck = 1020;
				LastUpgradeCheck = 1020;
				ORGANIZATIONNAME = "Juan Moreno";
				TargetAttributes = {
					65032A0122AF0AFF00004E56 = {
						CreatedOnToolsVersion = 10.2.1;
					};
				};
			};
			buildConfigurationList = 650329FD22AF0AFF00004E56 /* Build configuration list for PBXProject "VirtualTourist" */;
			compatibilityVersion = "Xcode 9.3";
			developmentRegion = en;
			hasScannedForEncodings = 0;
			knownRegions = (
				en,
				Base,
			);
			mainGroup = 650329F922AF0AFF00004E56;
			productRefGroup = 65032A0322AF0AFF00004E56 /* Products */;
			projectDirPath = "";
			projectRoot = "";
			targets = (
				65032A0122AF0AFF00004E56 /* VirtualTourist */,
			);
		};
/* End PBXProject section */

/* Begin PBXResourcesBuildPhase section */
		65032A0022AF0AFF00004E56 /* Resources */ = {
			isa = PBXResourcesBuildPhase;
			buildActionMask = 2147483647;
			files = (
				65032A1322AF0B0100004E56 /* LaunchScreen.storyboard in Resources */,
				65032A1022AF0B0100004E56 /* Assets.xcassets in Resources */,
				65032A0B22AF0AFF00004E56 /* Main.storyboard in Resources */,
			);
			runOnlyForDeploymentPostprocessing = 0;
		};
/* End PBXResourcesBuildPhase section */

/* Begin PBXSourcesBuildPhase section */
		650329FE22AF0AFF00004E56 /* Sources */ = {
			isa = PBXSourcesBuildPhase;
			buildActionMask = 2147483647;
			files = (
				6537CA0622B7F7D2001712EB /* photo.swift in Sources */,
				65032A0822AF0AFF00004E56 /* MapViewController.swift in Sources */,
				65032A0622AF0AFF00004E56 /* AppDelegate.swift in Sources */,
				65032A1F22B1738A00004E56 /* CollectionViewCell.swift in Sources */,
				6537CA0822B7F8D4001712EB /* photos.swift in Sources */,
				6537CA0A22B8143C001712EB /* rspstat.swift in Sources */,
				65032A1D22B15CBB00004E56 /* photoInfo.swift in Sources */,
				6537CA0C22B96FA5001712EB /* toSaveDisplay.swift in Sources */,
				6537CA0422B31139001712EB /* photoApi.swift in Sources */,
				65032A0E22AF0AFF00004E56 /* VirtualTourist.xcdatamodeld in Sources */,
				65032A1B22B063F200004E56 /* TableViewController.swift in Sources */,
			);
			runOnlyForDeploymentPostprocessing = 0;
		};
/* End PBXSourcesBuildPhase section */

/* Begin PBXVariantGroup section */
		65032A0922AF0AFF00004E56 /* Main.storyboard */ = {
			isa = PBXVariantGroup;
			children = (
				65032A0A22AF0AFF00004E56 /* Base */,
			);
			name = Main.storyboard;
			sourceTree = "<group>";
		};
		65032A1122AF0B0100004E56 /* LaunchScreen.storyboard */ = {
			isa = PBXVariantGroup;
			children = (
				65032A1222AF0B0100004E56 /* Base */,
			);
			name = LaunchScreen.storyboard;
			sourceTree = "<group>";
		};
/* End PBXVariantGroup section */

/* Begin XCBuildConfiguration section */
		65032A1522AF0B0100004E56 /* Debug */ = {
			isa = XCBuildConfiguration;
			buildSettings = {
				ALWAYS_SEARCH_USER_PATHS = NO;
				CLANG_ANALYZER_NONNULL = YES;
				CLANG_ANALYZER_NUMBER_OBJECT_CONVERSION = YES_AGGRESSIVE;
				CLANG_CXX_LANGUAGE_STANDARD = "gnu++14";
				CLANG_CXX_LIBRARY = "libc++";
				CLANG_ENABLE_MODULES = YES;
				CLANG_ENABLE_OBJC_ARC = YES;
				CLANG_ENABLE_OBJC_WEAK = YES;
				CLANG_WARN_BLOCK_CAPTURE_AUTORELEASING = YES;
				CLANG_WARN_BOOL_CONVERSION = YES;
				CLANG_WARN_COMMA = YES;
				CLANG_WARN_CONSTANT_CONVERSION = YES;
				CLANG_WARN_DEPRECATED_OBJC_IMPLEMENTATIONS = YES;
				CLANG_WARN_DIRECT_OBJC_ISA_USAGE = YES_ERROR;
				CLANG_WARN_DOCUMENTATION_COMMENTS = YES;
				CLANG_WARN_EMPTY_BODY = YES;
				CLANG_WARN_ENUM_CONVERSION = YES;
				CLANG_WARN_INFINITE_RECURSION = YES;
				CLANG_WARN_INT_CONVERSION = YES;
				CLANG_WARN_NON_LITERAL_NULL_CONVERSION = YES;
				CLANG_WARN_OBJC_IMPLICIT_RETAIN_SELF = YES;
				CLANG_WARN_OBJC_LITERAL_CONVERSION = YES;
				CLANG_WARN_OBJC_ROOT_CLASS = YES_ERROR;
				CLANG_WARN_RANGE_LOOP_ANALYSIS = YES;
				CLANG_WARN_STRICT_PROTOTYPES = YES;
				CLANG_WARN_SUSPICIOUS_MOVE = YES;
				CLANG_WARN_UNGUARDED_AVAILABILITY = YES_AGGRESSIVE;
				CLANG_WARN_UNREACHABLE_CODE = YES;
				CLANG_WARN__DUPLICATE_METHOD_MATCH = YES;
				CODE_SIGN_IDENTITY = "iPhone Developer";
				COPY_PHASE_STRIP = NO;
				DEBUG_INFORMATION_FORMAT = dwarf;
				ENABLE_STRICT_OBJC_MSGSEND = YES;
				ENABLE_TESTABILITY = YES;
				GCC_C_LANGUAGE_STANDARD = gnu11;
				GCC_DYNAMIC_NO_PIC = NO;
				GCC_NO_COMMON_BLOCKS = YES;
				GCC_OPTIMIZATION_LEVEL = 0;
				GCC_PREPROCESSOR_DEFINITIONS = (
					"DEBUG=1",
					"$(inherited)",
				);
				GCC_WARN_64_TO_32_BIT_CONVERSION = YES;
				GCC_WARN_ABOUT_RETURN_TYPE = YES_ERROR;
				GCC_WARN_UNDECLARED_SELECTOR = YES;
				GCC_WARN_UNINITIALIZED_AUTOS = YES_AGGRESSIVE;
				GCC_WARN_UNUSED_FUNCTION = YES;
				GCC_WARN_UNUSED_VARIABLE = YES;
				IPHONEOS_DEPLOYMENT_TARGET = 12.2;
				MTL_ENABLE_DEBUG_INFO = INCLUDE_SOURCE;
				MTL_FAST_MATH = YES;
				ONLY_ACTIVE_ARCH = YES;
				SDKROOT = iphoneos;
				SWIFT_ACTIVE_COMPILATION_CONDITIONS = DEBUG;
				SWIFT_OPTIMIZATION_LEVEL = "-Onone";
			};
			name = Debug;
		};
		65032A1622AF0B0100004E56 /* Release */ = {
			isa = XCBuildConfiguration;
			buildSettings = {
				ALWAYS_SEARCH_USER_PATHS = NO;
				CLANG_ANALYZER_NONNULL = YES;
				CLANG_ANALYZER_NUMBER_OBJECT_CONVERSION = YES_AGGRESSIVE;
				CLANG_CXX_LANGUAGE_STANDARD = "gnu++14";
				CLANG_CXX_LIBRARY = "libc++";
				CLANG_ENABLE_MODULES = YES;
				CLANG_ENABLE_OBJC_ARC = YES;
				CLANG_ENABLE_OBJC_WEAK = YES;
				CLANG_WARN_BLOCK_CAPTURE_AUTORELEASING = YES;
				CLANG_WARN_BOOL_CONVERSION = YES;
				CLANG_WARN_COMMA = YES;
				CLANG_WARN_CONSTANT_CONVERSION = YES;
				CLANG_WARN_DEPRECATED_OBJC_IMPLEMENTATIONS = YES;
				CLANG_WARN_DIRECT_OBJC_ISA_USAGE = YES_ERROR;
				CLANG_WARN_DOCUMENTATION_COMMENTS = YES;
				CLANG_WARN_EMPTY_BODY = YES;
				CLANG_WARN_ENUM_CONVERSION = YES;
				CLANG_WARN_INFINITE_RECURSION = YES;
				CLANG_WARN_INT_CONVERSION = YES;
				CLANG_WARN_NON_LITERAL_NULL_CONVERSION = YES;
				CLANG_WARN_OBJC_IMPLICIT_RETAIN_SELF = YES;
				CLANG_WARN_OBJC_LITERAL_CONVERSION = YES;
				CLANG_WARN_OBJC_ROOT_CLASS = YES_ERROR;
				CLANG_WARN_RANGE_LOOP_ANALYSIS = YES;
				CLANG_WARN_STRICT_PROTOTYPES = YES;
				CLANG_WARN_SUSPICIOUS_MOVE = YES;
				CLANG_WARN_UNGUARDED_AVAILABILITY = YES_AGGRESSIVE;
				CLANG_WARN_UNREACHABLE_CODE = YES;
				CLANG_WARN__DUPLICATE_METHOD_MATCH = YES;
				CODE_SIGN_IDENTITY = "iPhone Developer";
				COPY_PHASE_STRIP = NO;
				DEBUG_INFORMATION_FORMAT = "dwarf-with-dsym";
				ENABLE_NS_ASSERTIONS = NO;
				ENABLE_STRICT_OBJC_MSGSEND = YES;
				GCC_C_LANGUAGE_STANDARD = gnu11;
				GCC_NO_COMMON_BLOCKS = YES;
				GCC_WARN_64_TO_32_BIT_CONVERSION = YES;
				GCC_WARN_ABOUT_RETURN_TYPE = YES_ERROR;
				GCC_WARN_UNDECLARED_SELECTOR = YES;
				GCC_WARN_UNINITIALIZED_AUTOS = YES_AGGRESSIVE;
				GCC_WARN_UNUSED_FUNCTION = YES;
				GCC_WARN_UNUSED_VARIABLE = YES;
				IPHONEOS_DEPLOYMENT_TARGET = 12.2;
				MTL_ENABLE_DEBUG_INFO = NO;
				MTL_FAST_MATH = YES;
				SDKROOT = iphoneos;
				SWIFT_COMPILATION_MODE = wholemodule;
				SWIFT_OPTIMIZATION_LEVEL = "-O";
				VALIDATE_PRODUCT = YES;
			};
			name = Release;
		};
		65032A1822AF0B0100004E56 /* Debug */ = {
			isa = XCBuildConfiguration;
			buildSettings = {
				ASSETCATALOG_COMPILER_APPICON_NAME = AppIcon;
				CODE_SIGN_STYLE = Automatic;
				DEVELOPMENT_TEAM = 3U7Q992ZFB;
				INFOPLIST_FILE = VirtualTourist/Info.plist;
				LD_RUNPATH_SEARCH_PATHS = (
					"$(inherited)",
					"@executable_path/Frameworks",
				);
				PRODUCT_BUNDLE_IDENTIFIER = XDFd.VirtualTourist;
				PRODUCT_NAME = "$(TARGET_NAME)";
				SWIFT_VERSION = 5.0;
				TARGETED_DEVICE_FAMILY = "1,2";
			};
			name = Debug;
		};
		65032A1922AF0B0100004E56 /* Release */ = {
			isa = XCBuildConfiguration;
			buildSettings = {
				ASSETCATALOG_COMPILER_APPICON_NAME = AppIcon;
				CODE_SIGN_STYLE = Automatic;
				DEVELOPMENT_TEAM = 3U7Q992ZFB;
				INFOPLIST_FILE = VirtualTourist/Info.plist;
				LD_RUNPATH_SEARCH_PATHS = (
					"$(inherited)",
					"@executable_path/Frameworks",
				);
				PRODUCT_BUNDLE_IDENTIFIER = XDFd.VirtualTourist;
				PRODUCT_NAME = "$(TARGET_NAME)";
				SWIFT_VERSION = 5.0;
				TARGETED_DEVICE_FAMILY = "1,2";
			};
			name = Release;
		};
/* End XCBuildConfiguration section */

/* Begin XCConfigurationList section */
		650329FD22AF0AFF00004E56 /* Build configuration list for PBXProject "VirtualTourist" */ = {
			isa = XCConfigurationList;
			buildConfigurations = (
				65032A1522AF0B0100004E56 /* Debug */,
				65032A1622AF0B0100004E56 /* Release */,
			);
			defaultConfigurationIsVisible = 0;
			defaultConfigurationName = Release;
		};
		65032A1722AF0B0100004E56 /* Build configuration list for PBXNativeTarget "VirtualTourist" */ = {
			isa = XCConfigurationList;
			buildConfigurations = (
				65032A1822AF0B0100004E56 /* Debug */,
				65032A1922AF0B0100004E56 /* Release */,
			);
			defaultConfigurationIsVisible = 0;
			defaultConfigurationName = Release;
		};
/* End XCConfigurationList section */

/* Begin XCVersionGroup section */
		65032A0C22AF0AFF00004E56 /* VirtualTourist.xcdatamodeld */ = {
			isa = XCVersionGroup;
			children = (
				65032A0D22AF0AFF00004E56 /* VirtualTourist.xcdatamodel */,
			);
			currentVersion = 65032A0D22AF0AFF00004E56 /* VirtualTourist.xcdatamodel */;
			path = VirtualTourist.xcdatamodeld;
			sourceTree = "<group>";
			versionGroupType = wrapper.xcdatamodel;
		};
/* End XCVersionGroup section */
	};
	rootObject = 650329FA22AF0AFF00004E56 /* Project object */;
}
